
Microsoft Visual Studio Solution File, Format Version 12.00
# Visual Studio 14
VisualStudioVersion = 14.0.25420.1
MinimumVisualStudioVersion = 10.0.40219.1
Project("{FAE04EC0-301F-11D3-BF4B-00C04F79EFBC}") = "Dapplo.Dopy", "Dapplo.Dopy\Dapplo.Dopy.csproj", "{CFB4F82E-53C3-40ED-B54F-316E8D300C6C}"
EndProject
Project("{FAE04EC0-301F-11D3-BF4B-00C04F79EFBC}") = "Dapplo.Dopy.Container", "Dapplo.Dopy.Container\Dapplo.Dopy.Container.csproj", "{DAC8D59E-AD0A-4C71-B81B-74047BE57D87}"
EndProject
Project("{FAE04EC0-301F-11D3-BF4B-00C04F79EFBC}") = "Dapplo.Dopy.Storage", "Dapplo.Dopy.Storage\Dapplo.Dopy.Storage.csproj", "{83617ADD-BA0D-421F-88DB-83CDC062610F}"
EndProject
Project("{FAE04EC0-301F-11D3-BF4B-00C04F79EFBC}") = "Dapplo.Dopy.Sharing", "Dapplo.Dopy.Sharing\Dapplo.Dopy.Sharing.csproj", "{24E32944-CC69-485B-8AC5-04B84B06C608}"
EndProject
Project("{FAE04EC0-301F-11D3-BF4B-00C04F79EFBC}") = "Dapplo.Dopy.SimplifyStacktrace", "Dapplo.Dopy.SimplifyStacktrace\Dapplo.Dopy.SimplifyStacktrace.csproj", "{F269620B-2F0D-4257-B5AC-A42505E7CC97}"
EndProject
Project("{FAE04EC0-301F-11D3-BF4B-00C04F79EFBC}") = "Dapplo.Dopy.Shared", "Dapplo.Dopy.Shared\Dapplo.Dopy.Shared.csproj", "{F6639371-09C1-42B9-B307-3E0C2AB30609}"
EndProject
Project("{FAE04EC0-301F-11D3-BF4B-00C04F79EFBC}") = "Dapplo.Dopy.OpenUri", "Dapplo.Dopy.OpenUri\Dapplo.Dopy.OpenUri.csproj", "{15DEE0B1-CB6A-42BB-83C6-60197E3E0064}"
EndProject
Global
	GlobalSection(SolutionConfigurationPlatforms) = preSolution
		Debug|Any CPU = Debug|Any CPU
		Release|Any CPU = Release|Any CPU
	EndGlobalSection
	GlobalSection(ProjectConfigurationPlatforms) = postSolution
		{CFB4F82E-53C3-40ED-B54F-316E8D300C6C}.Debug|Any CPU.ActiveCfg = Debug|Any CPU
		{CFB4F82E-53C3-40ED-B54F-316E8D300C6C}.Debug|Any CPU.Build.0 = Debug|Any CPU
		{CFB4F82E-53C3-40ED-B54F-316E8D300C6C}.Release|Any CPU.ActiveCfg = Release|Any CPU
		{CFB4F82E-53C3-40ED-B54F-316E8D300C6C}.Release|Any CPU.Build.0 = Release|Any CPU
		{DAC8D59E-AD0A-4C71-B81B-74047BE57D87}.Debug|Any CPU.ActiveCfg = Debug|Any CPU
		{DAC8D59E-AD0A-4C71-B81B-74047BE57D87}.Debug|Any CPU.Build.0 = Debug|Any CPU
		{DAC8D59E-AD0A-4C71-B81B-74047BE57D87}.Release|Any CPU.ActiveCfg = Release|Any CPU
		{DAC8D59E-AD0A-4C71-B81B-74047BE57D87}.Release|Any CPU.Build.0 = Release|Any CPU
		{83617ADD-BA0D-421F-88DB-83CDC062610F}.Debug|Any CPU.ActiveCfg = Debug|Any CPU
		{83617ADD-BA0D-421F-88DB-83CDC062610F}.Debug|Any CPU.Build.0 = Debug|Any CPU
		{83617ADD-BA0D-421F-88DB-83CDC062610F}.Release|Any CPU.ActiveCfg = Release|Any CPU
		{83617ADD-BA0D-421F-88DB-83CDC062610F}.Release|Any CPU.Build.0 = Release|Any CPU
		{24E32944-CC69-485B-8AC5-04B84B06C608}.Debug|Any CPU.ActiveCfg = Debug|Any CPU
		{24E32944-CC69-485B-8AC5-04B84B06C608}.Debug|Any CPU.Build.0 = Debug|Any CPU
		{24E32944-CC69-485B-8AC5-04B84B06C608}.Release|Any CPU.ActiveCfg = Release|Any CPU
		{24E32944-CC69-485B-8AC5-04B84B06C608}.Release|Any CPU.Build.0 = Release|Any CPU
		{F269620B-2F0D-4257-B5AC-A42505E7CC97}.Debug|Any CPU.ActiveCfg = Debug|Any CPU
		{F269620B-2F0D-4257-B5AC-A42505E7CC97}.Debug|Any CPU.Build.0 = Debug|Any CPU
		{F269620B-2F0D-4257-B5AC-A42505E7CC97}.Release|Any CPU.ActiveCfg = Release|Any CPU
		{F269620B-2F0D-4257-B5AC-A42505E7CC97}.Release|Any CPU.Build.0 = Release|Any CPU
		{F6639371-09C1-42B9-B307-3E0C2AB30609}.Debug|Any CPU.ActiveCfg = Debug|Any CPU
		{F6639371-09C1-42B9-B307-3E0C2AB30609}.Debug|Any CPU.Build.0 = Debug|Any CPU
		{F6639371-09C1-42B9-B307-3E0C2AB30609}.Release|Any CPU.ActiveCfg = Release|Any CPU
		{F6639371-09C1-42B9-B307-3E0C2AB30609}.Release|Any CPU.Build.0 = Release|Any CPU
		{15DEE0B1-CB6A-42BB-83C6-60197E3E0064}.Debug|Any CPU.ActiveCfg = Debug|Any CPU
		{15DEE0B1-CB6A-42BB-83C6-60197E3E0064}.Debug|Any CPU.Build.0 = Debug|Any CPU
		{15DEE0B1-CB6A-42BB-83C6-60197E3E0064}.Release|Any CPU.ActiveCfg = Release|Any CPU
		{15DEE0B1-CB6A-42BB-83C6-60197E3E0064}.Release|Any CPU.Build.0 = Release|Any CPU
	EndGlobalSection
	GlobalSection(SolutionProperties) = preSolution
		HideSolutionNode = FALSE
	EndGlobalSection
EndGlobal
