
Microsoft Visual Studio Solution File, Format Version 12.00
# Visual Studio Version 16
VisualStudioVersion = 16.0.28729.10
MinimumVisualStudioVersion = 10.0.40219.1
Project("{9A19103F-16F7-4668-BE54-9A1E7A4F7556}") = "Dapplo.Dopy", "Dapplo.Dopy\Dapplo.Dopy.csproj", "{CFB4F82E-53C3-40ED-B54F-316E8D300C6C}"
EndProject
Project("{9A19103F-16F7-4668-BE54-9A1E7A4F7556}") = "Dapplo.Dopy.Core", "Dapplo.Dopy.Core\Dapplo.Dopy.Core.csproj", "{F6639371-09C1-42B9-B307-3E0C2AB30609}"
EndProject
Project("{9A19103F-16F7-4668-BE54-9A1E7A4F7556}") = "Dapplo.Dopy.Storage", "Dapplo.Dopy.Storage\Dapplo.Dopy.Storage.csproj", "{83617ADD-BA0D-421F-88DB-83CDC062610F}"
EndProject
Project("{9A19103F-16F7-4668-BE54-9A1E7A4F7556}") = "Dapplo.Dopy.Addon.SimplifyStacktrace", "Dapplo.Dopy.Addon.SimplifyStacktrace\Dapplo.Dopy.Addon.SimplifyStacktrace.csproj", "{F269620B-2F0D-4257-B5AC-A42505E7CC97}"
EndProject
Project("{9A19103F-16F7-4668-BE54-9A1E7A4F7556}") = "Dapplo.Dopy.Addon.OpenUri", "Dapplo.Dopy.Addon.OpenUri\Dapplo.Dopy.Addon.OpenUri.csproj", "{15DEE0B1-CB6A-42BB-83C6-60197E3E0064}"
EndProject
Global
	GlobalSection(SolutionConfigurationPlatforms) = preSolution
		Debug|Any CPU = Debug|Any CPU
		Release|Any CPU = Release|Any CPU
	EndGlobalSection
	GlobalSection(ProjectConfigurationPlatforms) = postSolution
		{CFB4F82E-53C3-40ED-B54F-316E8D300C6C}.Debug|Any CPU.ActiveCfg = Debug|Any CPU
		{CFB4F82E-53C3-40ED-B54F-316E8D300C6C}.Debug|Any CPU.Build.0 = Debug|Any CPU
		{CFB4F82E-53C3-40ED-B54F-316E8D300C6C}.Release|Any CPU.ActiveCfg = Release|Any CPU
		{CFB4F82E-53C3-40ED-B54F-316E8D300C6C}.Release|Any CPU.Build.0 = Release|Any CPU
		{83617ADD-BA0D-421F-88DB-83CDC062610F}.Debug|Any CPU.ActiveCfg = Debug|Any CPU
		{83617ADD-BA0D-421F-88DB-83CDC062610F}.Debug|Any CPU.Build.0 = Debug|Any CPU
		{83617ADD-BA0D-421F-88DB-83CDC062610F}.Release|Any CPU.ActiveCfg = Release|Any CPU
		{83617ADD-BA0D-421F-88DB-83CDC062610F}.Release|Any CPU.Build.0 = Release|Any CPU
		{F269620B-2F0D-4257-B5AC-A42505E7CC97}.Debug|Any CPU.ActiveCfg = Debug|Any CPU
		{F269620B-2F0D-4257-B5AC-A42505E7CC97}.Debug|Any CPU.Build.0 = Debug|Any CPU
		{F269620B-2F0D-4257-B5AC-A42505E7CC97}.Release|Any CPU.ActiveCfg = Release|Any CPU
		{F269620B-2F0D-4257-B5AC-A42505E7CC97}.Release|Any CPU.Build.0 = Release|Any CPU
		{F6639371-09C1-42B9-B307-3E0C2AB30609}.Debug|Any CPU.ActiveCfg = Debug|Any CPU
		{F6639371-09C1-42B9-B307-3E0C2AB30609}.Debug|Any CPU.Build.0 = Debug|Any CPU
		{F6639371-09C1-42B9-B307-3E0C2AB30609}.Release|Any CPU.ActiveCfg = Release|Any CPU
		{F6639371-09C1-42B9-B307-3E0C2AB30609}.Release|Any CPU.Build.0 = Release|Any CPU
		{15DEE0B1-CB6A-42BB-83C6-60197E3E0064}.Debug|Any CPU.ActiveCfg = Debug|Any CPU
		{15DEE0B1-CB6A-42BB-83C6-60197E3E0064}.Debug|Any CPU.Build.0 = Debug|Any CPU
		{15DEE0B1-CB6A-42BB-83C6-60197E3E0064}.Release|Any CPU.ActiveCfg = Release|Any CPU
		{15DEE0B1-CB6A-42BB-83C6-60197E3E0064}.Release|Any CPU.Build.0 = Release|Any CPU
	EndGlobalSection
	GlobalSection(SolutionProperties) = preSolution
		HideSolutionNode = FALSE
	EndGlobalSection
	GlobalSection(ExtensibilityGlobals) = postSolution
		SolutionGuid = {070264CF-04D1-450D-9CD9-92FA6C0390EE}
	EndGlobalSection
EndGlobal
